
Microsoft Visual Studio Solution File, Format Version 12.00
# Visual Studio Version 17
VisualStudioVersion = 17.2.32602.215
MinimumVisualStudioVersion = 10.0.40219.1
Project("{FAE04EC0-301F-11D3-BF4B-00C04F79EFBC}") = "web2server", "web2server\web2server.csproj", "{ED42EDC7-8047-44CA-9BCF-302E12C904DF}"
EndProject
Global
	GlobalSection(SolutionConfigurationPlatforms) = preSolution
		Debug|Any CPU = Debug|Any CPU
		Release|Any CPU = Release|Any CPU
	EndGlobalSection
	GlobalSection(ProjectConfigurationPlatforms) = postSolution
		{ED42EDC7-8047-44CA-9BCF-302E12C904DF}.Debug|Any CPU.ActiveCfg = Debug|Any CPU
		{ED42EDC7-8047-44CA-9BCF-302E12C904DF}.Debug|Any CPU.Build.0 = Debug|Any CPU
		{ED42EDC7-8047-44CA-9BCF-302E12C904DF}.Release|Any CPU.ActiveCfg = Release|Any CPU
		{ED42EDC7-8047-44CA-9BCF-302E12C904DF}.Release|Any CPU.Build.0 = Release|Any CPU
	EndGlobalSection
	GlobalSection(SolutionProperties) = preSolution
		HideSolutionNode = FALSE
	EndGlobalSection
	GlobalSection(ExtensibilityGlobals) = postSolution
		SolutionGuid = {1A889D00-7568-45B4-A8B9-752DDF74FA4A}
	EndGlobalSection
EndGlobal
